{
  "name": "omniscient",
  "requires": true,
  "lockfileVersion": 1,
  "dependencies": {
    "@angular/material": {
      "version": "10.2.1",
      "resolved": "https://registry.npmjs.org/@angular/material/-/material-10.2.1.tgz",
      "integrity": "sha512-TSfjW4w3orzDtTstNcNR2zsfNcO/R7NNmDMQ11LO6+EfnbNF2yktsMS3FZl811GX6dXEE+R/GCdDgCnlvqv9Mw==",
      "requires": {
        "tslib": "^2.0.0"
      }
    },
    "tslib": {
      "version": "2.0.1",
      "resolved": "https://registry.npmjs.org/tslib/-/tslib-2.0.1.tgz",
      "integrity": "sha512-SgIkNheinmEBgx1IUNirK0TUD4X9yjjBRTqqjggWCU3pUEqIk3/Uwl3yRixYKT6WjQuGiwDv4NomL3wqRCj+CQ=="
    }
  }
}
